PODS:
  - Realm (2.10.0):
    - Realm/Headers (= 2.10.0)
  - Realm/Headers (2.10.0)
  - RealmSwift (2.10.0):
    - Realm (= 2.10.0)
  - RxCocoa (3.6.1):
    - RxSwift (~> 3.6)
  - RxSwift (3.6.1)
  - VHBoomMenuButton/Swift (2.0.0)

DEPENDENCIES:
  - RealmSwift
  - RxCocoa (~> 3.0)
  - RxSwift (~> 3.0)
  - VHBoomMenuButton/Swift

SPEC CHECKSUMS:
  Realm: 98b3a25643cf6b3e07d2b99fb43fe0eb9c801dec
  RealmSwift: 34073ad3a31232bbaf7c0db898c037940284cba2
  RxCocoa: 84a08739ab186248c7f31ce4ee92d6f8a947d690
  RxSwift: f9de85ea20cd2f7716ee5409fc13523dc638e4e4
  VHBoomMenuButton: 77a7ae6742220b57b54eec28183fc123a3dd98ed

PODFILE CHECKSUM: a8ca408ef020ec0b5bb0d5c3b3c335b0d091f411

COCOAPODS: 1.3.1
